# This file is autogenerated and supposed to be committed to the git repository.
# Changing this file is not recommended and will likely break the build.

[conda]
_libgcc_mutex=0.1=conda_forge @ 16fe1c80
_openmp_mutex=4.5=2_gnu @ 16fe1c80
asttokens=3.0.0=pyhd8ed1ab_1 @ c7211bb6
aws-c-auth=0.7.22=h96bc93b_2 @ e1c11c02
aws-c-cal=0.6.14=h88a6e22_1 @ e1c11c02
aws-c-common=0.9.19=h4ab18f5_0 @ e1c11c02
aws-c-compression=0.2.18=h83b837d_6 @ e1c11c02
aws-c-event-stream=0.4.2=ha47c788_12 @ e1c11c02
aws-c-http=0.8.1=h29d6fba_17 @ e1c11c02
aws-c-io=0.14.8=h21d4f22_5 @ e1c11c02
aws-c-mqtt=0.10.4=h759edc4_4 @ e1c11c02
aws-c-s3=0.5.9=h594631b_3 @ e1c11c02
aws-c-sdkutils=0.1.16=h83b837d_2 @ e1c11c02
aws-checksums=0.1.18=h83b837d_6 @ e1c11c02
aws-crt-cpp=0.26.9=he3a8b3b_0 @ e1c11c02
aws-sdk-cpp=1.11.329=hba8bd5f_3 @ e1c11c02
brotli-python=1.1.0=py310hf71b8c6_2 @ e1c11c02
bzip2=1.0.8=h4bc722e_7 @ e1c11c02
c-ares=1.34.4=hb9d3cd8_0 @ e1c11c02
ca-certificates=2025.1.31=hbcca054_0 @ e1c11c02
certifi=2025.1.31=pyhd8ed1ab_0 @ c7211bb6
cffi=1.17.1=py310h8deb56e_0 @ e1c11c02
charset-normalizer=3.4.1=pyhd8ed1ab_0 @ c7211bb6
comm=0.2.2=pyhd8ed1ab_1 @ c7211bb6
conjure-python-client=2.12.0=pyhd8ed1ab_1 @ c7211bb6
debugpy=1.8.13=py310hf71b8c6_0 @ e1c11c02
decorator=5.2.1=pyhd8ed1ab_0 @ c7211bb6
exceptiongroup=1.2.2=pyhd8ed1ab_1 @ c7211bb6
executing=2.1.0=pyhd8ed1ab_1 @ c7211bb6
foundry-data-sidecar-api=0.626.0=py_0 @ fe451c34
foundry-transforms-lib-python=0.639.0=py_0 @ fe451c34
gflags=2.2.2=h5888daf_1005 @ e1c11c02
glog=0.7.1=hbabe93e_0 @ e1c11c02
h2=4.2.0=pyhd8ed1ab_0 @ c7211bb6
hpack=4.1.0=pyhd8ed1ab_0 @ c7211bb6
hyperframe=6.1.0=pyhd8ed1ab_0 @ c7211bb6
idna=3.10=pyhd8ed1ab_1 @ c7211bb6
importlib-metadata=8.6.1=pyha770c72_0 @ c7211bb6
ipykernel=6.29.5=pyh3099207_0 @ c7211bb6
ipython=8.34.0=pyh907856f_0 @ c7211bb6
jedi=0.19.2=pyhd8ed1ab_1 @ c7211bb6
jupyter_client=8.6.3=pyhd8ed1ab_1 @ c7211bb6
jupyter_core=5.7.2=pyh31011fe_1 @ c7211bb6
keyutils=1.6.1=h166bdaf_0 @ 16fe1c80
krb5=1.21.3=h659f571_0 @ e1c11c02
ld_impl_linux-64=2.43=h712a8e2_4 @ e1c11c02
libabseil=20240116.2=cxx17_he02047a_1 @ e1c11c02
libarrow=16.1.0=hcb6531f_6_cpu @ e1c11c02
libarrow-acero=16.1.0=hac33072_6_cpu @ e1c11c02
libarrow-dataset=16.1.0=hac33072_6_cpu @ e1c11c02
libarrow-substrait=16.1.0=h7e0c224_6_cpu @ e1c11c02
libblas=3.9.0=31_h59b9bed_openblas @ e1c11c02
libbrotlicommon=1.1.0=hb9d3cd8_2 @ e1c11c02
libbrotlidec=1.1.0=hb9d3cd8_2 @ e1c11c02
libbrotlienc=1.1.0=hb9d3cd8_2 @ e1c11c02
libcblas=3.9.0=31_he106b2a_openblas @ e1c11c02
libcrc32c=1.1.2=h9c3ff4c_0 @ 16fe1c80
libcurl=8.8.0=hca28451_1 @ e1c11c02
libedit=3.1.20191231=he28a2e2_2 @ 16fe1c80
libev=4.33=hd590300_2 @ e1c11c02
libevent=2.1.12=hf998b51_1 @ e1c11c02
libffi=3.4.6=h2dba641_0 @ e1c11c02
libgcc=14.2.0=h767d61c_2 @ e1c11c02
libgcc-ng=14.2.0=h69a702a_2 @ e1c11c02
libgfortran=14.2.0=h69a702a_2 @ e1c11c02
libgfortran5=14.2.0=hf1ad2bd_2 @ e1c11c02
libgomp=14.2.0=h767d61c_2 @ e1c11c02
libgoogle-cloud=2.24.0=h2736e30_0 @ e1c11c02
libgoogle-cloud-storage=2.24.0=h3d9a0c8_0 @ e1c11c02
libgrpc=1.62.2=h15f2491_0 @ e1c11c02
liblapack=3.9.0=31_h7ac8fdf_openblas @ e1c11c02
liblzma=5.6.4=hb9d3cd8_0 @ e1c11c02
liblzma-devel=5.6.4=hb9d3cd8_0 @ e1c11c02
libnghttp2=1.58.0=h47da74e_1 @ e1c11c02
libnsl=2.0.1=hd590300_0 @ e1c11c02
libopenblas=0.3.29=pthreads_h94d23a6_0 @ e1c11c02
libparquet=16.1.0=h6a7eafb_6_cpu @ e1c11c02
libprotobuf=4.25.3=h08a7969_0 @ e1c11c02
libre2-11=2023.09.01=h5a48ba9_2 @ e1c11c02
libsodium=1.0.20=h4ab18f5_0 @ e1c11c02
libssh2=1.11.0=h0841786_0 @ e1c11c02
libstdcxx=14.2.0=h8f9b012_2 @ e1c11c02
libstdcxx-ng=14.2.0=h4852527_2 @ e1c11c02
libthrift=0.19.0=hb90f79a_1 @ e1c11c02
libutf8proc=2.8.0=hf23e847_1 @ e1c11c02
libuuid=2.38.1=h0b41bf4_0 @ e1c11c02
libzlib=1.2.13=h4ab18f5_6 @ e1c11c02
lz4-c=1.9.4=hcb278e6_0 @ e1c11c02
matplotlib-inline=0.1.7=pyhd8ed1ab_1 @ c7211bb6
ncurses=6.2=h58526e2_4 @ 16fe1c80
nest-asyncio=1.6.0=pyhd8ed1ab_1 @ c7211bb6
numpy=2.2.3=py310hefbff90_0 @ e1c11c02
openssl=3.4.1=h7b32b05_0 @ e1c11c02
orc=2.0.1=h17fec99_1 @ e1c11c02
packaging=24.2=pyhd8ed1ab_2 @ c7211bb6
pandas=2.2.3=py310h5eaa309_1 @ e1c11c02
parso=0.8.4=pyhd8ed1ab_1 @ c7211bb6
pexpect=4.9.0=pyhd8ed1ab_1 @ c7211bb6
pickleshare=0.7.5=pyhd8ed1ab_1004 @ c7211bb6
pip=25.0.1=pyh8b19718_0 @ c7211bb6
platformdirs=4.3.6=pyhd8ed1ab_1 @ c7211bb6
prompt-toolkit=3.0.50=pyha770c72_0 @ c7211bb6
psutil=7.0.0=py310ha75aee5_0 @ e1c11c02
ptyprocess=0.7.0=pyhd8ed1ab_1 @ c7211bb6
pure_eval=0.2.3=pyhd8ed1ab_1 @ c7211bb6
pyarrow=16.1.0=py310hb7f781d_2 @ e1c11c02
pyarrow-core=16.1.0=py310hcccf80d_2_cpu @ e1c11c02
pycparser=2.22=pyh29332c3_1 @ c7211bb6
pygments=2.19.1=pyhd8ed1ab_0 @ c7211bb6
pysocks=1.7.1=pyha55dd90_7 @ c7211bb6
python=3.10.2=h543edf9_0_cpython @ 16fe1c80
python-dateutil=2.9.0.post0=pyhff2d567_1 @ c7211bb6
python-tzdata=2025.1=pyhd8ed1ab_0 @ c7211bb6
python_abi=3.10=5_cp310 @ e1c11c02
pytz=2024.1=pyhd8ed1ab_0 @ c7211bb6
pyzmq=26.2.1=py310h71f11fc_0 @ e1c11c02
re2=2023.09.01=h7f4b329_2 @ e1c11c02
readline=8.1=h46c0cb4_0 @ 16fe1c80
requests=2.32.3=pyhd8ed1ab_1 @ c7211bb6
s2n=1.4.15=he19d79f_0 @ e1c11c02
setuptools=75.8.2=pyhff2d567_0 @ c7211bb6
six=1.17.0=pyhd8ed1ab_0 @ c7211bb6
snappy=1.2.1=h8bd8927_1 @ e1c11c02
sqlite=3.37.0=h9cd32fc_0 @ 16fe1c80
stack_data=0.6.3=pyhd8ed1ab_1 @ c7211bb6
tk=8.6.13=noxft_h4845f30_101 @ e1c11c02
tornado=6.4.2=py310ha75aee5_0 @ e1c11c02
traitlets=5.14.3=pyhd8ed1ab_1 @ c7211bb6
typing_extensions=4.12.2=pyha770c72_1 @ c7211bb6
tzdata=2025a=h78e105d_0 @ c7211bb6
urllib3=2.3.0=pyhd8ed1ab_0 @ c7211bb6
wcwidth=0.2.13=pyhd8ed1ab_1 @ c7211bb6
wheel=0.45.1=pyhd8ed1ab_1 @ c7211bb6
xz=5.6.4=hbcc6ac9_0 @ e1c11c02
xz-gpl-tools=5.6.4=hbcc6ac9_0 @ e1c11c02
xz-tools=5.6.4=hb9d3cd8_0 @ e1c11c02
zeromq=4.3.5=h3b0a872_7 @ e1c11c02
zipp=3.21.0=pyhd8ed1ab_1 @ c7211bb6
zlib=1.2.13=h4ab18f5_6 @ e1c11c02
zstandard=0.23.0=py310ha39cb0e_1 @ e1c11c02
zstd=1.5.6=ha6fb4c9_0 @ e1c11c02

[conda-metadata]
16fe1c80 - linux-64 @ tar.bz2 @ ri.artifacts.repository.bundle.jupyter-default-environment
c7211bb6 - noarch @ conda @ ri.artifacts.repository.bundle.jupyter-default-environment
e1c11c02 - linux-64 @ conda @ ri.artifacts.repository.bundle.jupyter-default-environment
fe451c34 - noarch @ tar.bz2 @ ri.artifacts.repository.bundle.jupyter-default-environment

[pip-indices]
ri.artifacts.repository.artifactory.external-python-pypi
ri.foundry-sdk-asset-bundle.main.artifacts.repository
ri.stemma.main.repository.f0062e34-e231-4642-8f34-a52384ff9842

[cran-repos]
ri.stemma.main.repository.f0062e34-e231-4642-8f34-a52384ff9842

[conda lock version]
v3 - 25d254c674394024d84dc8f963673785a1b8531894434533bb5588d250685938
